// !$*UTF8*$!
{
	archiveVersion = 1;
	classes = {
	};
	objectVersion = 46;
	objects = {

/* Begin PBXBuildFile section */
		7A6E33001DCB695F00E180E0 /* main.m in Sources */ = {isa = PBXBuildFile; fileRef = 7A6E32FF1DCB695F00E180E0 /* main.m */; };
		7A6E33031DCB695F00E180E0 /* AppDelegate.m in Sources */ = {isa = PBXBuildFile; fileRef = 7A6E33021DCB695F00E180E0 /* AppDelegate.m */; };
		7A6E33061DCB695F00E180E0 /* ViewController.m in Sources */ = {isa = PBXBuildFile; fileRef = 7A6E33051DCB695F00E180E0 /* ViewController.m */; };
		7A6E33091DCB695F00E180E0 /* Main.storyboard in Resources */ = {isa = PBXBuildFile; fileRef = 7A6E33071DCB695F00E180E0 /* Main.storyboard */; };
		7A6E330B1DCB695F00E180E0 /* Assets.xcassets in Resources */ = {isa = PBXBuildFile; fileRef = 7A6E330A1DCB695F00E180E0 /* Assets.xcassets */; };
		7A6E330E1DCB695F00E180E0 /* LaunchScreen.storyboard in Resources */ = {isa = PBXBuildFile; fileRef = 7A6E330C1DCB695F00E180E0 /* LaunchScreen.storyboard */; };
		7A6E33191DCB695F00E180E0 /* youniLibTests.m in Sources */ = {isa = PBXBuildFile; fileRef = 7A6E33181DCB695F00E180E0 /* youniLibTests.m */; };
		7A6E33241DCB696000E180E0 /* youniLibUITests.m in Sources */ = {isa = PBXBuildFile; fileRef = 7A6E33231DCB696000E180E0 /* youniLibUITests.m */; };
/* End PBXBuildFile section */

/* Begin PBXContainerItemProxy section */
		7A6E33151DCB695F00E180E0 /* PBXContainerItemProxy */ = {
			isa = PBXContainerItemProxy;
			containerPortal = 7A6E32F31DCB695F00E180E0 /* Project object */;
			proxyType = 1;
			remoteGlobalIDString = 7A6E32FA1DCB695F00E180E0;
			remoteInfo = youniLib;
		};
		7A6E33201DCB695F00E180E0 /* PBXContainerItemProxy */ = {
			isa = PBXContainerItemProxy;
			containerPortal = 7A6E32F31DCB695F00E180E0 /* Project object */;
			proxyType = 1;
			remoteGlobalIDString = 7A6E32FA1DCB695F00E180E0;
			remoteInfo = youniLib;
		};
/* End PBXContainerItemProxy section */

/* Begin PBXFileReference section */
		7A6E32FB1DCB695F00E180E0 /* youniLib.app */ = {isa = PBXFileReference; explicitFileType = wrapper.application; includeInIndex = 0; path = youniLib.app; sourceTree = BUILT_PRODUCTS_DIR; };
		7A6E32FF1DCB695F00E180E0 /* main.m */ = {isa = PBXFileReference; lastKnownFileType = sourcecode.c.objc; path = main.m; sourceTree = "<group>"; };
		7A6E33011DCB695F00E180E0 /* AppDelegate.h */ = {isa = PBXFileReference; lastKnownFileType = sourcecode.c.h; path = AppDelegate.h; sourceTree = "<group>"; };
		7A6E33021DCB695F00E180E0 /* AppDelegate.m */ = {isa = PBXFileReference; lastKnownFileType = sourcecode.c.objc; path = AppDelegate.m; sourceTree = "<group>"; };
		7A6E33041DCB695F00E180E0 /* ViewController.h */ = {isa = PBXFileReference; lastKnownFileType = sourcecode.c.h; path = ViewController.h; sourceTree = "<group>"; };
		7A6E33051DCB695F00E180E0 /* ViewController.m */ = {isa = PBXFileReference; lastKnownFileType = sourcecode.c.objc; path = ViewController.m; sourceTree = "<group>"; };
		7A6E33081DCB695F00E180E0 /* Base */ = {isa = PBXFileReference; lastKnownFileType = file.storyboard; name = Base; path = Base.lproj/Main.storyboard; sourceTree = "<group>"; };
		7A6E330A1DCB695F00E180E0 /* Assets.xcassets */ = {isa = PBXFileReference; lastKnownFileType = folder.assetcatalog; path = Assets.xcassets; sourceTree = "<group>"; };
		7A6E330D1DCB695F00E180E0 /* Base */ = {isa = PBXFileReference; lastKnownFileType = file.storyboard; name = Base; path = Base.lproj/LaunchScreen.storyboard; sourceTree = "<group>"; };
		7A6E330F1DCB695F00E180E0 /* Info.plist */ = {isa = PBXFileReference; lastKnownFileType = text.plist.xml; path = Info.plist; sourceTree = "<group>"; };
		7A6E33141DCB695F00E180E0 /* youniLibTests.xctest */ = {isa = PBXFileReference; explicitFileType = wrapper.cfbundle; includeInIndex = 0; path = youniLibTests.xctest; sourceTree = BUILT_PRODUCTS_DIR; };
		7A6E33181DCB695F00E180E0 /* youniLibTests.m */ = {isa = PBXFileReference; lastKnownFileType = sourcecode.c.objc; path = youniLibTests.m; sourceTree = "<group>"; };
		7A6E331A1DCB695F00E180E0 /* Info.plist */ = {isa = PBXFileReference; lastKnownFileType = text.plist.xml; path = Info.plist; sourceTree = "<group>"; };
		7A6E331F1DCB695F00E180E0 /* youniLibUITests.xctest */ = {isa = PBXFileReference; explicitFileType = wrapper.cfbundle; includeInIndex = 0; path = youniLibUITests.xctest; sourceTree = BUILT_PRODUCTS_DIR; };
		7A6E33231DCB696000E180E0 /* youniLibUITests.m */ = {isa = PBXFileReference; lastKnownFileType = sourcecode.c.objc; path = youniLibUITests.m; sourceTree = "<group>"; };
		7A6E33251DCB696000E180E0 /* Info.plist */ = {isa = PBXFileReference; lastKnownFileType = text.plist.xml; path = Info.plist; sourceTree = "<group>"; };
/* End PBXFileReference section */

/* Begin PBXFrameworksBuildPhase section */
		7A6E32F81DCB695F00E180E0 /* Frameworks */ = {
			isa = PBXFrameworksBuildPhase;
			buildActionMask = 2147483647;
			files = (
			);
			runOnlyForDeploymentPostprocessing = 0;
		};
		7A6E33111DCB695F00E180E0 /* Frameworks */ = {
			isa = PBXFrameworksBuildPhase;
			buildActionMask = 2147483647;
			files = (
			);
			runOnlyForDeploymentPostprocessing = 0;
		};
		7A6E331C1DCB695F00E180E0 /* Frameworks */ = {
			isa = PBXFrameworksBuildPhase;
			buildActionMask = 2147483647;
			files = (
			);
			runOnlyForDeploymentPostprocessing = 0;
		};
/* End PBXFrameworksBuildPhase section */

/* Begin PBXGroup section */
		7A6E32F21DCB695F00E180E0 = {
			isa = PBXGroup;
			children = (
				7A6E32FD1DCB695F00E180E0 /* youniLib */,
				7A6E33171DCB695F00E180E0 /* youniLibTests */,
				7A6E33221DCB695F00E180E0 /* youniLibUITests */,
				7A6E32FC1DCB695F00E180E0 /* Products */,
			);
			sourceTree = "<group>";
		};
		7A6E32FC1DCB695F00E180E0 /* Products */ = {
			isa = PBXGroup;
			children = (
				7A6E32FB1DCB695F00E180E0 /* youniLib.app */,
				7A6E33141DCB695F00E180E0 /* youniLibTests.xctest */,
				7A6E331F1DCB695F00E180E0 /* youniLibUITests.xctest */,
			);
			name = Products;
			sourceTree = "<group>";
		};
		7A6E32FD1DCB695F00E180E0 /* youniLib */ = {
			isa = PBXGroup;
			children = (
				7A6E33011DCB695F00E180E0 /* AppDelegate.h */,
				7A6E33021DCB695F00E180E0 /* AppDelegate.m */,
				7A6E33041DCB695F00E180E0 /* ViewController.h */,
				7A6E33051DCB695F00E180E0 /* ViewController.m */,
				7A6E33071DCB695F00E180E0 /* Main.storyboard */,
				7A6E330A1DCB695F00E180E0 /* Assets.xcassets */,
				7A6E330C1DCB695F00E180E0 /* LaunchScreen.storyboard */,
				7A6E330F1DCB695F00E180E0 /* Info.plist */,
				7A6E32FE1DCB695F00E180E0 /* Supporting Files */,
			);
			path = youniLib;
			sourceTree = "<group>";
		};
		7A6E32FE1DCB695F00E180E0 /* Supporting Files */ = {
			isa = PBXGroup;
			children = (
				7A6E32FF1DCB695F00E180E0 /* main.m */,
			);
			name = "Supporting Files";
			sourceTree = "<group>";
		};
		7A6E33171DCB695F00E180E0 /* youniLibTests */ = {
			isa = PBXGroup;
			children = (
				7A6E33181DCB695F00E180E0 /* youniLibTests.m */,
				7A6E331A1DCB695F00E180E0 /* Info.plist */,
			);
			path = youniLibTests;
			sourceTree = "<group>";
		};
		7A6E33221DCB695F00E180E0 /* youniLibUITests */ = {
			isa = PBXGroup;
			children = (
				7A6E33231DCB696000E180E0 /* youniLibUITests.m */,
				7A6E33251DCB696000E180E0 /* Info.plist */,
			);
			path = youniLibUITests;
			sourceTree = "<group>";
		};
/* End PBXGroup section */

/* Begin PBXNativeTarget section */
		7A6E32FA1DCB695F00E180E0 /* youniLib */ = {
			isa = PBXNativeTarget;
			buildConfigurationList = 7A6E33281DCB696000E180E0 /* Build configuration list for PBXNativeTarget "youniLib" */;
			buildPhases = (
				7A6E32F71DCB695F00E180E0 /* Sources */,
				7A6E32F81DCB695F00E180E0 /* Frameworks */,
				7A6E32F91DCB695F00E180E0 /* Resources */,
			);
			buildRules = (
			);
			dependencies = (
			);
			name = youniLib;
			productName = youniLib;
			productReference = 7A6E32FB1DCB695F00E180E0 /* youniLib.app */;
			productType = "com.apple.product-type.application";
		};
		7A6E33131DCB695F00E180E0 /* youniLibTests */ = {
			isa = PBXNativeTarget;
			buildConfigurationList = 7A6E332B1DCB696000E180E0 /* Build configuration list for PBXNativeTarget "youniLibTests" */;
			buildPhases = (
				7A6E33101DCB695F00E180E0 /* Sources */,
				7A6E33111DCB695F00E180E0 /* Frameworks */,
				7A6E33121DCB695F00E180E0 /* Resources */,
			);
			buildRules = (
			);
			dependencies = (
				7A6E33161DCB695F00E180E0 /* PBXTargetDependency */,
			);
			name = youniLibTests;
			productName = youniLibTests;
			productReference = 7A6E33141DCB695F00E180E0 /* youniLibTests.xctest */;
			productType = "com.apple.product-type.bundle.unit-test";
		};
		7A6E331E1DCB695F00E180E0 /* youniLibUITests */ = {
			isa = PBXNativeTarget;
			buildConfigurationList = 7A6E332E1DCB696000E180E0 /* Build configuration list for PBXNativeTarget "youniLibUITests" */;
			buildPhases = (
				7A6E331B1DCB695F00E180E0 /* Sources */,
				7A6E331C1DCB695F00E180E0 /* Frameworks */,
				7A6E331D1DCB695F00E180E0 /* Resources */,
			);
			buildRules = (
			);
			dependencies = (
				7A6E33211DCB695F00E180E0 /* PBXTargetDependency */,
			);
			name = youniLibUITests;
			productName = youniLibUITests;
			productReference = 7A6E331F1DCB695F00E180E0 /* youniLibUITests.xctest */;
			productType = "com.apple.product-type.bundle.ui-testing";
		};
/* End PBXNativeTarget section */

/* Begin PBXProject section */
		7A6E32F31DCB695F00E180E0 /* Project object */ = {
			isa = PBXProject;
			attributes = {
				LastUpgradeCheck = 0720;
				ORGANIZATIONNAME = "常昊";
				TargetAttributes = {
					7A6E32FA1DCB695F00E180E0 = {
						CreatedOnToolsVersion = 7.2;
						DevelopmentTeam = KF7TV8L39W;
					};
					7A6E33131DCB695F00E180E0 = {
						CreatedOnToolsVersion = 7.2;
						DevelopmentTeam = KF7TV8L39W;
						TestTargetID = 7A6E32FA1DCB695F00E180E0;
					};
					7A6E331E1DCB695F00E180E0 = {
						CreatedOnToolsVersion = 7.2;
						DevelopmentTeam = KF7TV8L39W;
						TestTargetID = 7A6E32FA1DCB695F00E180E0;
					};
				};
			};
			buildConfigurationList = 7A6E32F61DCB695F00E180E0 /* Build configuration list for PBXProject "youniLib" */;
			compatibilityVersion = "Xcode 3.2";
			developmentRegion = English;
			hasScannedForEncodings = 0;
			knownRegions = (
				en,
				Base,
			);
			mainGroup = 7A6E32F21DCB695F00E180E0;
			productRefGroup = 7A6E32FC1DCB695F00E180E0 /* Products */;
			projectDirPath = "";
			projectRoot = "";
			targets = (
				7A6E32FA1DCB695F00E180E0 /* youniLib */,
				7A6E33131DCB695F00E180E0 /* youniLibTests */,
				7A6E331E1DCB695F00E180E0 /* youniLibUITests */,
			);
		};
/* End PBXProject section */

/* Begin PBXResourcesBuildPhase section */
		7A6E32F91DCB695F00E180E0 /* Resources */ = {
			isa = PBXResourcesBuildPhase;
			buildActionMask = 2147483647;
			files = (
				7A6E330E1DCB695F00E180E0 /* LaunchScreen.storyboard in Resources */,
				7A6E330B1DCB695F00E180E0 /* Assets.xcassets in Resources */,
				7A6E33091DCB695F00E180E0 /* Main.storyboard in Resources */,
			);
			runOnlyForDeploymentPostprocessing = 0;
		};
		7A6E33121DCB695F00E180E0 /* Resources */ = {
			isa = PBXResourcesBuildPhase;
			buildActionMask = 2147483647;
			files = (
			);
			runOnlyForDeploymentPostprocessing = 0;
		};
		7A6E331D1DCB695F00E180E0 /* Resources */ = {
			isa = PBXResourcesBuildPhase;
			buildActionMask = 2147483647;
			files = (
			);
			runOnlyForDeploymentPostprocessing = 0;
		};
/* End PBXResourcesBuildPhase section */

/* Begin PBXSourcesBuildPhase section */
		7A6E32F71DCB695F00E180E0 /* Sources */ = {
			isa = PBXSourcesBuildPhase;
			buildActionMask = 2147483647;
			files = (
				7A6E33061DCB695F00E180E0 /* ViewController.m in Sources */,
				7A6E33031DCB695F00E180E0 /* AppDelegate.m in Sources */,
				7A6E33001DCB695F00E180E0 /* main.m in Sources */,
			);
			runOnlyForDeploymentPostprocessing = 0;
		};
		7A6E33101DCB695F00E180E0 /* Sources */ = {
			isa = PBXSourcesBuildPhase;
			buildActionMask = 2147483647;
			files = (
				7A6E33191DCB695F00E180E0 /* youniLibTests.m in Sources */,
			);
			runOnlyForDeploymentPostprocessing = 0;
		};
		7A6E331B1DCB695F00E180E0 /* Sources */ = {
			isa = PBXSourcesBuildPhase;
			buildActionMask = 2147483647;
			files = (
				7A6E33241DCB696000E180E0 /* youniLibUITests.m in Sources */,
			);
			runOnlyForDeploymentPostprocessing = 0;
		};
/* End PBXSourcesBuildPhase section */

/* Begin PBXTargetDependency section */
		7A6E33161DCB695F00E180E0 /* PBXTargetDependency */ = {
			isa = PBXTargetDependency;
			target = 7A6E32FA1DCB695F00E180E0 /* youniLib */;
			targetProxy = 7A6E33151DCB695F00E180E0 /* PBXContainerItemProxy */;
		};
		7A6E33211DCB695F00E180E0 /* PBXTargetDependency */ = {
			isa = PBXTargetDependency;
			target = 7A6E32FA1DCB695F00E180E0 /* youniLib */;
			targetProxy = 7A6E33201DCB695F00E180E0 /* PBXContainerItemProxy */;
		};
/* End PBXTargetDependency section */

/* Begin PBXVariantGroup section */
		7A6E33071DCB695F00E180E0 /* Main.storyboard */ = {
			isa = PBXVariantGroup;
			children = (
				7A6E33081DCB695F00E180E0 /* Base */,
			);
			name = Main.storyboard;
			sourceTree = "<group>";
		};
		7A6E330C1DCB695F00E180E0 /* LaunchScreen.storyboard */ = {
			isa = PBXVariantGroup;
			children = (
				7A6E330D1DCB695F00E180E0 /* Base */,
			);
			name = LaunchScreen.storyboard;
			sourceTree = "<group>";
		};
/* End PBXVariantGroup section */

/* Begin XCBuildConfiguration section */
		7A6E33261DCB696000E180E0 /* Debug */ = {
			isa = XCBuildConfiguration;
			buildSettings = {
				ALWAYS_SEARCH_USER_PATHS = NO;
				CLANG_CXX_LANGUAGE_STANDARD = "gnu++0x";
				CLANG_CXX_LIBRARY = "libc++";
				CLANG_ENABLE_MODULES = YES;
				CLANG_ENABLE_OBJC_ARC = YES;
				CLANG_WARN_BOOL_CONVERSION = YES;
				CLANG_WARN_CONSTANT_CONVERSION = YES;
				CLANG_WARN_DIRECT_OBJC_ISA_USAGE = YES_ERROR;
				CLANG_WARN_EMPTY_BODY = YES;
				CLANG_WARN_ENUM_CONVERSION = YES;
				CLANG_WARN_INT_CONVERSION = YES;
				CLANG_WARN_OBJC_ROOT_CLASS = YES_ERROR;
				CLANG_WARN_UNREACHABLE_CODE = YES;
				CLANG_WARN__DUPLICATE_METHOD_MATCH = YES;
				"CODE_SIGN_IDENTITY[sdk=iphoneos*]" = "iPhone Developer";
				COPY_PHASE_STRIP = NO;
				DEBUG_INFORMATION_FORMAT = dwarf;
				ENABLE_STRICT_OBJC_MSGSEND = YES;
				ENABLE_TESTABILITY = YES;
				GCC_C_LANGUAGE_STANDARD = gnu99;
				GCC_DYNAMIC_NO_PIC = NO;
				GCC_NO_COMMON_BLOCKS = YES;
				GCC_OPTIMIZATION_LEVEL = 0;
				GCC_PREPROCESSOR_DEFINITIONS = (
					"DEBUG=1",
					"$(inherited)",
				);
				GCC_WARN_64_TO_32_BIT_CONVERSION = YES;
				GCC_WARN_ABOUT_RETURN_TYPE = YES_ERROR;
				GCC_WARN_UNDECLARED_SELECTOR = YES;
				GCC_WARN_UNINITIALIZED_AUTOS = YES_AGGRESSIVE;
				GCC_WARN_UNUSED_FUNCTION = YES;
				GCC_WARN_UNUSED_VARIABLE = YES;
				IPHONEOS_DEPLOYMENT_TARGET = 9.2;
				MTL_ENABLE_DEBUG_INFO = YES;
				ONLY_ACTIVE_ARCH = YES;
				SDKROOT = iphoneos;
			};
			name = Debug;
		};
		7A6E33271DCB696000E180E0 /* Release */ = {
			isa = XCBuildConfiguration;
			buildSettings = {
				ALWAYS_SEARCH_USER_PATHS = NO;
				CLANG_CXX_LANGUAGE_STANDARD = "gnu++0x";
				CLANG_CXX_LIBRARY = "libc++";
				CLANG_ENABLE_MODULES = YES;
				CLANG_ENABLE_OBJC_ARC = YES;
				CLANG_WARN_BOOL_CONVERSION = YES;
				CLANG_WARN_CONSTANT_CONVERSION = YES;
				CLANG_WARN_DIRECT_OBJC_ISA_USAGE = YES_ERROR;
				CLANG_WARN_EMPTY_BODY = YES;
				CLANG_WARN_ENUM_CONVERSION = YES;
				CLANG_WARN_INT_CONVERSION = YES;
				CLANG_WARN_OBJC_ROOT_CLASS = YES_ERROR;
				CLANG_WARN_UNREACHABLE_CODE = YES;
				CLANG_WARN__DUPLICATE_METHOD_MATCH = YES;
				"CODE_SIGN_IDENTITY[sdk=iphoneos*]" = "iPhone Developer";
				COPY_PHASE_STRIP = NO;
				DEBUG_INFORMATION_FORMAT = "dwarf-with-dsym";
				ENABLE_NS_ASSERTIONS = NO;
				ENABLE_STRICT_OBJC_MSGSEND = YES;
				GCC_C_LANGUAGE_STANDARD = gnu99;
				GCC_NO_COMMON_BLOCKS = YES;
				GCC_WARN_64_TO_32_BIT_CONVERSION = YES;
				GCC_WARN_ABOUT_RETURN_TYPE = YES_ERROR;
				GCC_WARN_UNDECLARED_SELECTOR = YES;
				GCC_WARN_UNINITIALIZED_AUTOS = YES_AGGRESSIVE;
				GCC_WARN_UNUSED_FUNCTION = YES;
				GCC_WARN_UNUSED_VARIABLE = YES;
				IPHONEOS_DEPLOYMENT_TARGET = 9.2;
				MTL_ENABLE_DEBUG_INFO = NO;
				SDKROOT = iphoneos;
				VALIDATE_PRODUCT = YES;
			};
			name = Release;
		};
		7A6E33291DCB696000E180E0 /* Debug */ = {
			isa = XCBuildConfiguration;
			buildSettings = {
				ASSETCATALOG_COMPILER_APPICON_NAME = AppIcon;
				INFOPLIST_FILE = youniLib/Info.plist;
				LD_RUNPATH_SEARCH_PATHS = "$(inherited) @executable_path/Frameworks";
				PRODUCT_BUNDLE_IDENTIFIER = Howard.youniLib;
				PRODUCT_NAME = "$(TARGET_NAME)";
			};
			name = Debug;
		};
		7A6E332A1DCB696000E180E0 /* Release */ = {
			isa = XCBuildConfiguration;
			buildSettings = {
				ASSETCATALOG_COMPILER_APPICON_NAME = AppIcon;
				INFOPLIST_FILE = youniLib/Info.plist;
				LD_RUNPATH_SEARCH_PATHS = "$(inherited) @executable_path/Frameworks";
				PRODUCT_BUNDLE_IDENTIFIER = Howard.youniLib;
				PRODUCT_NAME = "$(TARGET_NAME)";
			};
			name = Release;
		};
		7A6E332C1DCB696000E180E0 /* Debug */ = {
			isa = XCBuildConfiguration;
			buildSettings = {
				BUNDLE_LOADER = "$(TEST_HOST)";
				INFOPLIST_FILE = youniLibTests/Info.plist;
				LD_RUNPATH_SEARCH_PATHS = "$(inherited) @executable_path/Frameworks @loader_path/Frameworks";
				PRODUCT_BUNDLE_IDENTIFIER = Howard.youniLibTests;
				PRODUCT_NAME = "$(TARGET_NAME)";
				TEST_HOST = "$(BUILT_PRODUCTS_DIR)/youniLib.app/youniLib";
			};
			name = Debug;
		};
		7A6E332D1DCB696000E180E0 /* Release */ = {
			isa = XCBuildConfiguration;
			buildSettings = {
				BUNDLE_LOADER = "$(TEST_HOST)";
				INFOPLIST_FILE = youniLibTests/Info.plist;
				LD_RUNPATH_SEARCH_PATHS = "$(inherited) @executable_path/Frameworks @loader_path/Frameworks";
				PRODUCT_BUNDLE_IDENTIFIER = Howard.youniLibTests;
				PRODUCT_NAME = "$(TARGET_NAME)";
				TEST_HOST = "$(BUILT_PRODUCTS_DIR)/youniLib.app/youniLib";
			};
			name = Release;
		};
		7A6E332F1DCB696000E180E0 /* Debug */ = {
			isa = XCBuildConfiguration;
			buildSettings = {
				INFOPLIST_FILE = youniLibUITests/Info.plist;
				LD_RUNPATH_SEARCH_PATHS = "$(inherited) @executable_path/Frameworks @loader_path/Frameworks";
				PRODUCT_BUNDLE_IDENTIFIER = Howard.youniLibUITests;
				PRODUCT_NAME = "$(TARGET_NAME)";
				TEST_TARGET_NAME = youniLib;
				USES_XCTRUNNER = YES;
			};
			name = Debug;
		};
		7A6E33301DCB696000E180E0 /* Release */ = {
			isa = XCBuildConfiguration;
			buildSettings = {
				INFOPLIST_FILE = youniLibUITests/Info.plist;
				LD_RUNPATH_SEARCH_PATHS = "$(inherited) @executable_path/Frameworks @loader_path/Frameworks";
				PRODUCT_BUNDLE_IDENTIFIER = Howard.youniLibUITests;
				PRODUCT_NAME = "$(TARGET_NAME)";
				TEST_TARGET_NAME = youniLib;
				USES_XCTRUNNER = YES;
			};
			name = Release;
		};
/* End XCBuildConfiguration section */

/* Begin XCConfigurationList section */
		7A6E32F61DCB695F00E180E0 /* Build configuration list for PBXProject "youniLib" */ = {
			isa = XCConfigurationList;
			buildConfigurations = (
				7A6E33261DCB696000E180E0 /* Debug */,
				7A6E33271DCB696000E180E0 /* Release */,
			);
			defaultConfigurationIsVisible = 0;
			defaultConfigurationName = Release;
		};
		7A6E33281DCB696000E180E0 /* Build configuration list for PBXNativeTarget "youniLib" */ = {
			isa = XCConfigurationList;
			buildConfigurations = (
				7A6E33291DCB696000E180E0 /* Debug */,
				7A6E332A1DCB696000E180E0 /* Release */,
			);
			defaultConfigurationIsVisible = 0;
		};
		7A6E332B1DCB696000E180E0 /* Build configuration list for PBXNativeTarget "youniLibTests" */ = {
			isa = XCConfigurationList;
			buildConfigurations = (
				7A6E332C1DCB696000E180E0 /* Debug */,
				7A6E332D1DCB696000E180E0 /* Release */,
			);
			defaultConfigurationIsVisible = 0;
		};
		7A6E332E1DCB696000E180E0 /* Build configuration list for PBXNativeTarget "youniLibUITests" */ = {
			isa = XCConfigurationList;
			buildConfigurations = (
				7A6E332F1DCB696000E180E0 /* Debug */,
				7A6E33301DCB696000E180E0 /* Release */,
			);
			defaultConfigurationIsVisible = 0;
		};
/* End XCConfigurationList section */
	};
	rootObject = 7A6E32F31DCB695F00E180E0 /* Project object */;
}
